
Microsoft Visual Studio Solution File, Format Version 12.00
Project("{FAE04EC0-301F-11D3-BF4B-00C04F79EFBC}") = "url_shortener", "url_shortener\url_shortener.csproj", "{22FEDF2D-A17C-4373-9CFB-9420600BBF34}"
EndProject
Global
	GlobalSection(SolutionConfigurationPlatforms) = preSolution
		Debug|Any CPU = Debug|Any CPU
		Release|Any CPU = Release|Any CPU
	EndGlobalSection
	GlobalSection(ProjectConfigurationPlatforms) = postSolution
		{22FEDF2D-A17C-4373-9CFB-9420600BBF34}.Debug|Any CPU.ActiveCfg = Debug|Any CPU
		{22FEDF2D-A17C-4373-9CFB-9420600BBF34}.Debug|Any CPU.Build.0 = Debug|Any CPU
		{22FEDF2D-A17C-4373-9CFB-9420600BBF34}.Release|Any CPU.ActiveCfg = Release|Any CPU
		{22FEDF2D-A17C-4373-9CFB-9420600BBF34}.Release|Any CPU.Build.0 = Release|Any CPU
	EndGlobalSection
EndGlobal
